
Microsoft Visual Studio Solution File, Format Version 12.00
# Visual Studio Version 16
VisualStudioVersion = 16.0.30704.19
MinimumVisualStudioVersion = 10.0.40219.1
Project("{9092AA53-FB77-4645-B42D-1CCCA6BD08BD}") = "bash2cpp", "bash2cpp\bash2cpp.njsproj", "{00FC0137-5EE7-43F1-8E56-45A0F9ED5A37}"
EndProject
Global
	GlobalSection(SolutionConfigurationPlatforms) = preSolution
		Debug|Any CPU = Debug|Any CPU
		Release|Any CPU = Release|Any CPU
	EndGlobalSection
	GlobalSection(ProjectConfigurationPlatforms) = postSolution
		{00FC0137-5EE7-43F1-8E56-45A0F9ED5A37}.Debug|Any CPU.ActiveCfg = Debug|Any CPU
		{00FC0137-5EE7-43F1-8E56-45A0F9ED5A37}.Debug|Any CPU.Build.0 = Debug|Any CPU
		{00FC0137-5EE7-43F1-8E56-45A0F9ED5A37}.Release|Any CPU.ActiveCfg = Release|Any CPU
		{00FC0137-5EE7-43F1-8E56-45A0F9ED5A37}.Release|Any CPU.Build.0 = Release|Any CPU
	EndGlobalSection
	GlobalSection(SolutionProperties) = preSolution
		HideSolutionNode = FALSE
	EndGlobalSection
	GlobalSection(ExtensibilityGlobals) = postSolution
		SolutionGuid = {CF843539-F155-4D6C-90EC-B3298067FE44}
	EndGlobalSection
EndGlobal
